
Microsoft Visual Studio Solution File, Format Version 12.00
# Visual Studio Version 17
VisualStudioVersion = 17.11.35312.102
MinimumVisualStudioVersion = 10.0.40219.1
Project("{54A90642-561A-4BB1-A94E-469ADEE60C69}") = "webApp", "webApp.esproj", "{BC2DDFC4-6C60-4A4D-B275-3B2B3BD139E4}"
EndProject
Global
	GlobalSection(SolutionConfigurationPlatforms) = preSolution
		Debug|Any CPU = Debug|Any CPU
		Release|Any CPU = Release|Any CPU
	EndGlobalSection
	GlobalSection(ProjectConfigurationPlatforms) = postSolution
		{BC2DDFC4-6C60-4A4D-B275-3B2B3BD139E4}.Debug|Any CPU.ActiveCfg = Debug|Any CPU
		{BC2DDFC4-6C60-4A4D-B275-3B2B3BD139E4}.Debug|Any CPU.Build.0 = Debug|Any CPU
		{BC2DDFC4-6C60-4A4D-B275-3B2B3BD139E4}.Debug|Any CPU.Deploy.0 = Debug|Any CPU
		{BC2DDFC4-6C60-4A4D-B275-3B2B3BD139E4}.Release|Any CPU.ActiveCfg = Release|Any CPU
		{BC2DDFC4-6C60-4A4D-B275-3B2B3BD139E4}.Release|Any CPU.Build.0 = Release|Any CPU
		{BC2DDFC4-6C60-4A4D-B275-3B2B3BD139E4}.Release|Any CPU.Deploy.0 = Release|Any CPU
	EndGlobalSection
	GlobalSection(SolutionProperties) = preSolution
		HideSolutionNode = FALSE
	EndGlobalSection
	GlobalSection(ExtensibilityGlobals) = postSolution
		SolutionGuid = {A5C9C7B6-9E6C-42EB-9131-7D7A32712F79}
	EndGlobalSection
EndGlobal
